lockfileVersion: '9.0'

settings:
  autoInstallPeers: true
  excludeLinksFromLockfile: false

importers:

  .:
    dependencies:
      '@lucia-auth/adapter-mongodb':
        specifier: ^1.0.3
        version: 1.0.3(lucia@3.2.2)(mongodb@7.5.0)
      '@svelte-put/swipeable':
        specifier: ^1.1.0
        version: 1.2.0(svelte@5.56.7)
      argon2:
        specifier: ^0.44.0
        version: 0.44.0
      lucia:
        specifier: ^3.2.2
        version: 3.2.2
      mongodb:
        specifier: ^7.1.0
        version: 7.5.0
      mongoose:
        specifier: ^9.2.1
        version: 9.8.0
      svelte-swipeable:
        specifier: ^1.0.9
        version: 1.0.9
    devDependencies:
      '@sveltejs/adapter-auto':
        specifier: ^7.0.0
        version: 7.0.1(@sveltejs/kit@2.70.1(@sveltejs/vite-plugin-svelte@6.2.4(svelte@5.56.7)(vite@7.3.6))(svelte@5.56.7)(vite@7.3.6))
      '@sveltejs/adapter-node':
        specifier: ^5.5.4
        version: 5.5.4(@sveltejs/kit@2.70.1(@sveltejs/vite-plugin-svelte@6.2.4(svelte@5.56.7)(vite@7.3.6))(svelte@5.56.7)(vite@7.3.6))
      '@sveltejs/kit':
        specifier: ^2.49.1
        version: 2.70.1(@sveltejs/vite-plugin-svelte@6.2.4(svelte@5.56.7)(vite@7.3.6))(svelte@5.56.7)(vite@7.3.6)
      '@sveltejs/vite-plugin-svelte':
        specifier: ^6.2.1
        version: 6.2.4(svelte@5.56.7)(vite@7.3.6)
      svelte:
        specifier: ^5.45.6
        version: 5.56.7
      vite:
        specifier: ^7.2.6
        version: 7.3.6

packages:

  '@epic-web/invariant@1.0.0':
    resolution: {integrity: sha512-lrTPqgvfFQtR/eY/qkIzp98OGdNJu0m5ji3q/nJI8v3SXkRKEnWiOxMmbvcSoAIzv/cGiuvRy57k4suKQSAdwA==}

  '@esbuild/aix-ppc64@0.28.1':
    resolution: {integrity: sha512-Svl7tq8k/08+p6CXPpRjQ1fKX+1odH/BQbb48fV6fj3CWHhsoIOoY87w1oHXm0qEpkIK3ZfVgp0hed3XBXzXMQ==}
    engines: {node: '>=18'}
    cpu: [ppc64]
    os: [aix]

  '@esbuild/android-arm64@0.28.1':
    resolution: {integrity: sha512-34EGEbCIAgosYz6goLcopX6Mo7NyGv9tfwEM2/7Ce2VcVRk568iSvniGWcUXIy7wEDR1wzolcxcriFVrWYcwBg==}
    engines: {node: '>=18'}
    cpu: [arm64]
    os: [android]

  '@esbuild/android-arm@0.28.1':
    resolution: {integrity: sha512-0k2F129Xdio1TdJfzJ8sy1Q47vUD2NnwdhiAf7drUN1EBTfPf4hsFCtmMgu/6m8JSzsBrlmVjudMBQqOfG8usQ==}
    engines: {node: '>=18'}
    cpu: [arm]
    os: [android]

  '@esbuild/android-x64@0.28.1':
    resolution: {integrity: sha512-dbwY7ltSMDWsRatcRpCnES4F+im88OCUgGZjy52shC7GqHRE/cYlxNbB4Z4UpJswpcc4Qxd2oE/ufM0p61IKng==}
    engines: {node: '>=18'}
    cpu: [x64]
    os: [android]

  '@esbuild/darwin-arm64@0.28.1':
    resolution: {integrity: sha512-TZbWkQY7kvTAXbXUT7uVACR5cMHsDiSz9z7ZKAX/RTq/WJEk3QyRr0wZpNhBDX+/0CtdqUIJlOiodQcta6tY3Q==}
    engines: {node: '>=18'}
    cpu: [arm64]
    os: [darwin]

  '@esbuild/darwin-x64@0.28.1':
    resolution: {integrity: sha512-zfdzgK9ACBNZLI/CyHTOx81SyNbM6YXn7rxSgX97VjyiPl9W1i4Ka4fgKECEoFCKGpvBj5qArWIGgQjOwkgskQ==}
    engines: {node: '>=18'}
    cpu: [x64]
    os: [darwin]

  '@esbuild/freebsd-arm64@0.28.1':
    resolution: {integrity: sha512-wG2EA8ENdEI0qhkSZMjfqrdY+ziCYCPMmtZjjIwOmXFjmyzEHn+UUxk5of+SYsjtfs3VpnlC7QLzSI5hY/rOAw==}
    engines: {node: '>=18'}
    cpu: [arm64]
    os: [freebsd]

  '@esbuild/freebsd-x64@0.28.1':
    resolution: {integrity: sha512-i7dZ9vQgnvSCzi/rYCXNgtF/U+eKZNJBzu3eTQbRgHnM7tNSizLOkRFAl3qzVc/Op/u5YkHHa4pf/3DOYHthLQ==}
    engines: {node: '>=18'}
    cpu: [x64]
    os: [freebsd]

  '@esbuild/linux-arm64@0.28.1':
    resolution: {integrity: sha512-yHs+0uc8+nvEAfAfxrWQKK5peSNzBc4PegcMO0EJ2hT71uA7vB8Ihg2e77R2P7SG5uYjPbHlLLmve4LLLRCf0g==}
    engines: {node: '>=18'}
    cpu: [arm64]
    os: [linux]

  '@esbuild/linux-arm@0.28.1':
    resolution: {integrity: sha512-qVXBOHQS+d5Y722GwJzJUtOLlX7km3CraOaGormF1pDtPd2C/l1SHRPgjLunLGe51Sh5YYWKMFDyV4SxgMQYTQ==}
    engines: {node: '>=18'}
    cpu: [arm]
    os: [linux]

  '@esbuild/linux-ia32@0.28.1':
    resolution: {integrity: sha512-d1z4ZuP0ajrfz/FhGT4vv278rX8KnPPJx8i5+AtK7TYbx9Le9F1hyzurZpkEyjkGa9dUGhQow4C1NmeGvqxN2w==}
    engines: {node: '>=18'}
    cpu: [ia32]
    os: [linux]

  '@esbuild/linux-loong64@0.28.1':
    resolution: {integrity: sha512-M5sRjUVZrkm1OAPR3dlOYzNmN+loZKGVi1VUQGrwuqLcbR6qeAz+famMhjASeH3YVKvZz+zT1jlh/keC3Rj/lg==}
    engines: {node: '>=18'}
    cpu: [loong64]
    os: [linux]

  '@esbuild/linux-mips64el@0.28.1':
    resolution: {integrity: sha512-mRObBZeHh2OxcBFPWE/FjylkRgZdYuiTR3vaTozquCGOH14iP9oN4x4Ge81CoIDYQrXmIxpFumJBu5MtZpnQJQ==}
    engines: {node: '>=18'}
    cpu: [mips64el]
    os: [linux]

  '@esbuild/linux-ppc64@0.28.1':
    resolution: {integrity: sha512-slScBsMAb3GFDcdrCgLwZtPYRoH2H/youv10QiZyRjmsP48fznoveWytSgCI/R0ZcUgpc0ZhIUEx6LHts8yrfQ==}
    engines: {node: '>=18'}
    cpu: [ppc64]
    os: [linux]

  '@esbuild/linux-riscv64@0.28.1':
    resolution: {integrity: sha512-kw0owk1o0GFETUJyW0jc0G4Yzs0BHZn0JDZ8JRT088vjJYX777BAs1fDGxAC+q831qOs2DTC96mNsG2opdfyyQ==}
    engines: {node: '>=18'}
    cpu: [riscv64]
    os: [linux]

  '@esbuild/linux-s390x@0.28.1':
    resolution: {integrity: sha512-/lAIjX8aYFRByhh6L5rYtPEDRqa9de/4V/juOXcta5frjvzXO4/sqEtyytse0g3zZFuWu5cDN0MkLz2qRDD2Ag==}
    engines: {node: '>=18'}
    cpu: [s390x]
    os: [linux]

  '@esbuild/linux-x64@0.28.1':
    resolution: {integrity: sha512-u/anNYF2mmVOEDwLtnQ1wOr3EZ9sTNGLWrsYGYwHWzGA3Si84IOkHXlbWTD1NB+9/1lcnweYKO54uhxZydNzfA==}
    engines: {node: '>=18'}
    cpu: [x64]
    os: [linux]

  '@esbuild/netbsd-arm64@0.28.1':
    resolution: {integrity: sha512-oks0DYbLwWMmaakTsCb+zL4E+aHRVLom9IJZOAthMQEPiQmydXHkziYEsGYRx0uNV/IjEKGAV941JzH02pflqw==}
    engines: {node: '>=18'}
    cpu: [arm64]
    os: [netbsd]

  '@esbuild/netbsd-x64@0.28.1':
    resolution: {integrity: sha512-aeL6lAnN89Hz43Mlh1G8ARasbuoYvSITDEx0tHh5b7jJnHcssqgjy9Yx430GDpmCa6OyrKoS0aNRjKundRizGg==}
    engines: {node: '>=18'}
    cpu: [x64]
    os: [netbsd]

  '@esbuild/openbsd-arm64@0.28.1':
    resolution: {integrity: sha512-MEFJe5C3R8pwXdZ5Y21oo6m7ePiS0d9pWucn99O/wvyJZChoIQKrQDxKrGeW8F5+T0okTHesAmDeiHDTIq0V/Q==}
    engines: {node: '>=18'}
    cpu: [arm64]
    os: [openbsd]

  '@esbuild/openbsd-x64@0.28.1':
    resolution: {integrity: sha512-i/ZLIOafE0Z8cI/XANJAixoJL/uRAoS2xOA3rb0xN+KK0K177cMAsQYkzHtBrtMXAKuAc7HGgcWiZ/sRC1Nxgw==}
    engines: {node: '>=18'}
    cpu: [x64]
    os: [openbsd]

  '@esbuild/openharmony-arm64@0.28.1':
    resolution: {integrity: sha512-ge+Z7EXFNt2BO1oAMsVpiQ8EwndV9i1xXerAeTIK7AtPs3bKFXQM7nlRxDSIUIMeueR1CNXxqztLzdNeReKBJg==}
    engines: {node: '>=18'}
    cpu: [arm64]
    os: [openharmony]

  '@esbuild/sunos-x64@0.28.1':
    resolution: {integrity: sha512-BEjgtECkL3vY+SaSQ6nzVfiALUeFxpawyp8Jmf5PtYhf1Ug40N1h/hxlhts+f1FvSvarEigdxS3BlSMI2PJLcQ==}
    engines: {node: '>=18'}
    cpu: [x64]
    os: [sunos]

  '@esbuild/win32-arm64@0.28.1':
    resolution: {integrity: sha512-lCv9eK/H6ZJWbE7bh2nw54CZ9M2nupBxJcTsdk/QQnWkdSjKGuxmmH8/GWrlT1eMmZfn4dGcCjRte397WqfQXA==}
    engines: {node: '>=18'}
    cpu: [arm64]
    os: [win32]

  '@esbuild/win32-ia32@0.28.1':
    resolution: {integrity: sha512-zvb/mB2bSCoJOpoCBgYKKpX6YM6mJBlBUVUtVj41DlZJVEB6/0CKlRYxP5wWl1C1ILiCoAU5wZZ4q1P3qeS6Eg==}
    engines: {node: '>=18'}
    cpu: [ia32]
    os: [win32]

  '@esbuild/win32-x64@0.28.1':
    resolution: {integrity: sha512-bm4Mowrv+GXMlpWX++EcXw/iLyd1o3+bJkC2DkWXYVvgZCqD/bSj9ctZeAMC3cIxgjRVR2Dufaiu4YPxr5gW1A==}
    engines: {node: '>=18'}
    cpu: [x64]
    os: [win32]

  '@jridgewell/gen-mapping@0.3.13':
    resolution: {integrity: sha512-2kkt/7niJ6MgEPxF0bYdQ6etZaA+fQvDcLKckhy1yIQOzaoKjBBjSj63/aLVjYE3qhRt5dvM+uUyfCg6UKCBbA==}

  '@jridgewell/remapping@2.3.5':
    resolution: {integrity: sha512-LI9u/+laYG4Ds1TDKSJW2YPrIlcVYOwi2fUC6xB43lueCjgxV4lffOCZCtYFiH6TNOX+tQKXx97T4IKHbhyHEQ==}

  '@jridgewell/resolve-uri@3.1.2':
    resolution: {integrity: sha512-bRISgCIjP20/tbWSPWMEi54QVPRZExkuD9lJL+UIxUKtwVJA8wW1Trb1jMs1RFXo1CBTNZ/5hpC9QvmKWdopKw==}
    engines: {node: '>=6.0.0'}

  '@jridgewell/sourcemap-codec@1.5.5':
    resolution: {integrity: sha512-cYQ9310grqxueWbl+WuIUIaiUaDcj7WOq5fVhEljNVgRfOUhY9fy2zTvfoqWsnebh8Sl70VScFbICvJnLKB0Og==}

  '@jridgewell/trace-mapping@0.3.31':
    resolution: {integrity: sha512-zzNR+SdQSDJzc8joaeP8QQoCQr8NuYx2dIIytl1QeBEZHJ9uW6hebsrYgbz8hJwUQao3TWCMtmfV8Nu1twOLAw==}

  '@lucia-auth/adapter-mongodb@1.0.3':
    resolution: {integrity: sha512-cqbMT6Q4fQei6tYvHNkcVEnioBsDwDNn68+Wo9BYnIsji7zvpzg9EF6yHj2jkiVnudF/6Uv/40cfsPrGcCevUQ==}
    deprecated: This package has been deprecated. Please see https://lucia-auth.com/lucia-v3/migrate.
    peerDependencies:
      lucia: 3.x
      mongodb: 4.x || 6.x

  '@mongodb-js/saslprep@1.4.12':
    resolution: {integrity: sha512-QAfAMwNgnYxZ2C6D1HgeP7Gc4i/uvJRim415PCIL9ptRxWMNbWeLBYb2/9R4pGKny/s1FVu2JA2cxCUBUOggrA==}

  '@oslojs/asn1@1.0.0':
    resolution: {integrity: sha512-zw/wn0sj0j0QKbIXfIlnEcTviaCzYOY3V5rAyjR6YtOByFtJiT574+8p9Wlach0lZH9fddD4yb9laEAIl4vXQA==}

  '@oslojs/binary@1.0.0':
    resolution: {integrity: sha512-9RCU6OwXU6p67H4NODbuxv2S3eenuQ4/WFLrsq+K/k682xrznH5EVWA7N4VFk9VYVcbFtKqur5YQQZc0ySGhsQ==}

  '@oslojs/crypto@1.0.1':
    resolution: {integrity: sha512-7n08G8nWjAr/Yu3vu9zzrd0L9XnrJfpMioQcvCMxBIiF5orECHe5/3J0jmXRVvgfqMm/+4oxlQ+Sq39COYLcNQ==}

  '@oslojs/encoding@1.1.0':
    resolution: {integrity: sha512-70wQhgYmndg4GCPxPPxPGevRKqTIJ2Nh4OkiMWmDAVYsTQ+Ta7Sq+rPevXyXGdzr30/qZBnyOalCszoMxlyldQ==}

  '@phc/format@1.0.0':
    resolution: {integrity: sha512-m7X9U6BG2+J+R1lSOdCiITLLrxm+cWlNI3HUFA92oLO77ObGNzaKdh8pMLqdZcshtkKuV84olNNXDfMc4FezBQ==}
    engines: {node: '>=10'}

  '@polka/url@0.5.0':
    resolution: {integrity: sha512-oZLYFEAzUKyi3SKnXvj32ZCEGH6RDnao7COuCVhDydMS9NrCSVXhM79VaKyP5+Zc33m0QXEd2DN3UkU7OsHcfw==}

  '@polka/url@1.0.0-next.29':
    resolution: {integrity: sha512-wwQAWhWSuHaag8c4q/KN/vCoeOJYshAIvMQwD4GpSb3OiZklFfvAgmj0VCBBImRpuF/aFgIRzllXlVX93Jevww==}

  '@rollup/plugin-commonjs@29.0.2':
    resolution: {integrity: sha512-S/ggWH1LU7jTyi9DxZOKyxpVd4hF/OZ0JrEbeLjXk/DFXwRny0tjD2c992zOUYQobLrVkRVMDdmHP16HKP7GRg==}
    engines: {node: '>=16.0.0 || 14 >= 14.17'}
    peerDependencies:
      rollup: ^2.68.0||^3.0.0||^4.0.0
    peerDependenciesMeta:
      rollup:
        optional: true

  '@rollup/plugin-json@6.1.0':
    resolution: {integrity: sha512-EGI2te5ENk1coGeADSIwZ7G2Q8CJS2sF120T7jLw4xFw9n7wIOXHo+kIYRAoVpJAN+kmqZSoO3Fp4JtoNF4ReA==}
    engines: {node: '>=14.0.0'}
    peerDependencies:
      rollup: ^1.20.0||^2.0.0||^3.0.0||^4.0.0
    peerDependenciesMeta:
      rollup:
        optional: true

  '@rollup/plugin-node-resolve@16.0.3':
    resolution: {integrity: sha512-lUYM3UBGuM93CnMPG1YocWu7X802BrNF3jW2zny5gQyLQgRFJhV1Sq0Zi74+dh/6NBx1DxFC4b4GXg9wUCG5Qg==}
    engines: {node: '>=14.0.0'}
    peerDependencies:
      rollup: ^2.78.0||^3.0.0||^4.0.0
    peerDependenciesMeta:
      rollup:
        optional: true

  '@rollup/pluginutils@5.4.0':
    resolution: {integrity: sha512-MfPp06CjRLfXQ3wY0R8vJDYBy/MvVcc9OulEfR0B8Iv9ko+GCNaRZ+EpJYFl27LhKsZK0o420sYCRHCjfCgeUg==}
    engines: {node: '>=14.0.0'}
    peerDependencies:
      rollup: ^1.20.0||^2.0.0||^3.0.0||^4.0.0
    peerDependenciesMeta:
      rollup:
        optional: true

  '@rollup/rollup-android-arm-eabi@4.62.2':
    resolution: {integrity: sha512-6o7ZLZK+BeenkZCFNDXqpbjw9bD6nuWonvS/lwQJp7NoVVxm6p3qE7qQ5jGuBjiFsgvqjD8mZAU5oWxTmbOeOg==}
    cpu: [arm]
    os: [android]

  '@rollup/rollup-android-arm64@4.62.2':
    resolution: {integrity: sha512-BaH7BllCACHoH1LguOU56UItGfUWjujlO65kS9LAodViaN4bwIKd7oeW/ZHJ/4ljr/7MIiENnNy3HJ0zXv8Zkw==}
    cpu: [arm64]
    os: [android]

  '@rollup/rollup-darwin-arm64@4.62.2':
    resolution: {integrity: sha512-v39RCCvj4He82I9sFmk+M1VZ0PLM9sfsLVikjfx2hYBNALhrrOR2D3JjQA6AhlaSOgcR+RzrKY7e1+bT6SUO/A==}
    cpu: [arm64]
    os: [darwin]

  '@rollup/rollup-darwin-x64@4.62.2':
    resolution: {integrity: sha512-yl0y2vq3S3lHeuXhEdss6TWfKW8vkujImO12tn4ZkG/4oghr09LvdYm2RElVjokTQiUvDUGXLGsYeLqUMCKpGA==}
    cpu: [x64]
    os: [darwin]

  '@rollup/rollup-freebsd-arm64@4.62.2':
    resolution: {integrity: sha512-tT4pvt4qXD+vEoezupCWi+a1F0vvDiksiHc+PxRlYTOH1I6/X4id9jPxTP+Fg+545euaFT1jJVs4CEdHZAU1vw==}
    cpu: [arm64]
    os: [freebsd]

  '@rollup/rollup-freebsd-x64@4.62.2':
    resolution: {integrity: sha512-6nU5F2wCW+qvCBhTn1pdIU3bzsIoF7EUwsCDRxilWGprQR6yd508YnH9+OKFCwpfS8pjZqDUmnCAr7exax0XCg==}
    cpu: [x64]
    os: [freebsd]

  '@rollup/rollup-linux-arm-gnueabihf@4.62.2':
    resolution: {integrity: sha512-n1GJHPOvpIfhi3TmrCeh6S6URt9BFCt0KQE3qvexyGCTAKpR4Lg+eWvNZEqu7epxwus/8ElT3hacYEucm49SZg==}
    cpu: [arm]
    os: [linux]
    libc: [glibc]

  '@rollup/rollup-linux-arm-musleabihf@4.62.2':
    resolution: {integrity: sha512-JqgflS8wEB+UXV/vS1RpRbifGBeN4D5lz8D8oOFbFZw4vedvdOgCFAjfBmIMdW3yL10XpQQ0Ambepw6MXrhOnA==}
    cpu: [arm]
    os: [linux]
    libc: [musl]

  '@rollup/rollup-linux-arm64-gnu@4.62.2':
    resolution: {integrity: sha512-wnFJkogWvN4jm/hQRF2UBaeUmk20j5+DmHvoyWii2b8HJDyvz1MF2OU/6ynXt2KR63rbZLWkFpoytpdc/yBuSA==}
    cpu: [arm64]
    os: [linux]
    libc: [glibc]

  '@rollup/rollup-linux-arm64-musl@4.62.2':
    resolution: {integrity: sha512-HVu2bp0zhvJ8xHEV9+UUs7S90VadmBSY3LcIMvozbPo4AuMGDWlz3ymHLHZPX4hR67TKTt8Qp5PJ5RBg/i+RMQ==}
    cpu: [arm64]
    os: [linux]
    libc: [musl]

  '@rollup/rollup-linux-loong64-gnu@4.62.2':
    resolution: {integrity: sha512-mQqqAV8QaoSgr9I2fKDLY2BAVvmKjWoGiu/cSYQonsLvtqwEn1E4QYfnCOcp5zoEqNhsDYin1s6jx/VJmrxlZg==}
    cpu: [loong64]
    os: [linux]
    libc: [glibc]

  '@rollup/rollup-linux-loong64-musl@4.62.2':
    resolution: {integrity: sha512-IxKLoxCQ2IWi6bT2akyDUBGsOImDKB+sPp4EsTmwFQ/fMwpCKm8uLSSgP/Kx/QYUgKis6SEZ5/Nlhup0DIA0PQ==}
    cpu: [loong64]
    os: [linux]
    libc: [musl]

  '@rollup/rollup-linux-ppc64-gnu@4.62.2':
    resolution: {integrity: sha512-Mk5ha2RQSgyFfmYYLkBpPnUk8D8FriBxesO1u9O75X0mHgXL1UQcH5Itl2lurWL2tj0RxV9b9tJgipac0hRY9A==}
    cpu: [ppc64]
    os: [linux]
    libc: [glibc]

  '@rollup/rollup-linux-ppc64-musl@4.62.2':
    resolution: {integrity: sha512-CjvEnqJL/0/TQ3TXX3OPIJ/kmBellrWd4heXUmHeJlTnmwjKpSJzoehLaL6Xk0ZnMHBu9dZuFADNOrtjF4v+2w==}
    cpu: [ppc64]
    os: [linux]
    libc: [musl]

  '@rollup/rollup-linux-riscv64-gnu@4.62.2':
    resolution: {integrity: sha512-1SiZbzwdkaDURsew/tSOrooKiYy7EQGT6m8ufavAi9NEyQb/6VuIxFXAL1fqa4iZe3g4NbNk4P7J32z2tw5Mgg==}
    cpu: [riscv64]
    os: [linux]
    libc: [glibc]

  '@rollup/rollup-linux-riscv64-musl@4.62.2':
    resolution: {integrity: sha512-nQts12zJ3NQRoE6uYljOH89v7szzLDvG2JD/vsX+vGXU8w/At1GowTZ5/7qeFQ8m7L55rpR8Okugnuo5bgjy2Q==}
    cpu: [riscv64]
    os: [linux]
    libc: [musl]

  '@rollup/rollup-linux-s390x-gnu@4.62.2':
    resolution: {integrity: sha512-E9/ll019jhPIJgpzfZoIkBGhcz+kKNgVWYRY0zr9srBdPPFVpvOKW8VaJKUbeK+eZXyQF9ltME+Kk6affeaPgg==}
    cpu: [s390x]
    os: [linux]
    libc: [glibc]

  '@rollup/rollup-linux-x64-gnu@4.62.2':
    resolution: {integrity: sha512-5BqxR/pshjey51iliyzTD5Xi3EN0aLmQ2lZ3lvefVV9c82BvrLo2/6OT55iifpWBufs6kdwWbuOKS841DrmK9A==}
    cpu: [x64]
    os: [linux]
    libc: [glibc]

  '@rollup/rollup-linux-x64-musl@4.62.2':
    resolution: {integrity: sha512-uNN83XxQrRAh/w0/pmAfibcwyb6YWt4gP+dpnQKPVJshAloQ785ii8CT8ZCIxkGg9opVsvAlGhFitSm6D1Jjpg==}
    cpu: [x64]
    os: [linux]
    libc: [musl]

  '@rollup/rollup-openbsd-x64@4.62.2':
    resolution: {integrity: sha512-srjEIxSH3LRnJN6THczDHWQplqEMFiAJrTab0msUryh9kwNpkICf3Ea6q6MN/2cZwRFUNx5w+h6Hpi4QuHS6Zg==}
    cpu: [x64]
    os: [openbsd]

  '@rollup/rollup-openharmony-arm64@4.62.2':
    resolution: {integrity: sha512-8hOJnxgbyObnCm5AlRA3A931xX19xq80RjVTKgJOvEKWqJruP/Uf12IbAOaDjjEXYRewwHLfmF0YRIdK3OwKWA==}
    cpu: [arm64]
    os: [openharmony]

  '@rollup/rollup-win32-arm64-msvc@4.62.2':
    resolution: {integrity: sha512-mmF4AY1i0hG/bLWUctUq59gtmgaSIRa3cu/A3JFRp/sCNEme2bgDEiDS22P9FbnJB8NJNF4jPJiSP5RHQpUTDg==}
    cpu: [arm64]
    os: [win32]

  '@rollup/rollup-win32-ia32-msvc@4.62.2':
    resolution: {integrity: sha512-DZgkknc6jhHrk46V25vbAM0zZkyP0nSDkJB8/dRkLTxv470dOmWDqGoEJl/9A0dFfS7yE3REOwNDxpHwSLSt0Q==}
    cpu: [ia32]
    os: [win32]

  '@rollup/rollup-win32-x64-gnu@4.62.2':
    resolution: {integrity: sha512-T6xr6ucWSFto+VGajA8YH26LdpHRuP4YLHEKAtCWvJDOlnmWcDZVCI2Jmjr+IFHDlt2zRaTAKE4tfjTaWLgJBg==}
    cpu: [x64]
    os: [win32]

  '@rollup/rollup-win32-x64-msvc@4.62.2':
    resolution: {integrity: sha512-BfzEnDJOt9T8M989/lA37EcJgat01wLRnoi5dQf3QzOH7jzpqTAzdDbVfRljVr5r+jzKqpbHeyOfAaXxAd0PAA==}
    cpu: [x64]
    os: [win32]

  '@standard-schema/spec@1.1.0':
    resolution: {integrity: sha512-l2aFy5jALhniG5HgqrD6jXLi/rUWrKvqN/qJx6yoJsgKhblVd+iqqU4RCXavm/jPityDo5TCvKMnpjKnOriy0w==}

  '@svelte-put/swipeable@1.2.0':
    resolution: {integrity: sha512-hFLkIACJo57bu8FqgpWt4P+zUgpVIBYoN7frA0xTHx9et3jfpjV5iiil0DDUPjyu7I7smxC2htnVRcCrDG/MLQ==}
    peerDependencies:
      svelte: ^5.1.0

  '@sveltejs/acorn-typescript@1.0.11':
    resolution: {integrity: sha512-LFuZUkjJ9iF7JZye/aG5XM0SFcQ5VyL0oVX4WJ9dc0Va3R3s0OauX1BESVCb+YN/ol8TAfqGDDAQsTG627Y5kw==}
    peerDependencies:
      acorn: ^8.9.0

  '@sveltejs/adapter-auto@7.0.1':
    resolution: {integrity: sha512-dvuPm1E7M9NI/+canIQ6KKQDU2AkEefEZ2Dp7cY6uKoPq9Z/PhOXABe526UdW2mN986gjVkuSLkOYIBnS/M2LQ==}
    peerDependencies:
      '@sveltejs/kit': ^2.0.0

  '@sveltejs/adapter-node@5.5.4':
    resolution: {integrity: sha512-45X92CXW+2J8ZUzPv3eLlKWEzINKiiGeFWTjyER4ZN4sGgNoaoeSkCY/QYNxHpPXy71QPsctwccBo9jJs0ySPQ==}
    peerDependencies:
      '@sveltejs/kit': ^2.4.0

  '@sveltejs/kit@2.70.1':
    resolution: {integrity: sha512-nY9SPHGOZro3doud9vZXDBwl9tCZIouuJztjgSHs6PAIrv9M/z5O7eOhPV5xU7CgVHA976Jwu3BA1hIFvXztkA==}
    engines: {node: '>=18.13'}
    hasBin: true
    peerDependencies:
      '@opentelemetry/api': ^1.0.0
      '@sveltejs/vite-plugin-svelte': ^3.0.0 || ^4.0.0-next.1 || ^5.0.0 || ^6.0.0-next.0 || ^7.0.0
      svelte: ^4.0.0 || ^5.0.0-next.0
      typescript: ^5.3.3 || ^6.0.0
      vite: ^5.0.3 || ^6.0.0 || ^7.0.0-beta.0 || ^8.0.0
    peerDependenciesMeta:
      '@opentelemetry/api':
        optional: true
      typescript:
        optional: true

  '@sveltejs/vite-plugin-svelte-inspector@5.0.2':
    resolution: {integrity: sha512-TZzRTcEtZffICSAoZGkPSl6Etsj2torOVrx6Uw0KpXxrec9Gg6jFWQ60Q3+LmNGfZSxHRCZL7vXVZIWmuV50Ig==}
    engines: {node: ^20.19 || ^22.12 || >=24}
    peerDependencies:
      '@sveltejs/vite-plugin-svelte': ^6.0.0-next.0
      svelte: ^5.0.0
      vite: ^6.3.0 || ^7.0.0

  '@sveltejs/vite-plugin-svelte@6.2.4':
    resolution: {integrity: sha512-ou/d51QSdTyN26D7h6dSpusAKaZkAiGM55/AKYi+9AGZw7q85hElbjK3kEyzXHhLSnRISHOYzVge6x0jRZ7DXA==}
    engines: {node: ^20.19 || ^22.12 || >=24}
    peerDependencies:
      svelte: ^5.0.0
      vite: ^6.3.0 || ^7.0.0

  '@types/cookie@0.6.0':
    resolution: {integrity: sha512-4Kh9a6B2bQciAhf7FSuMRRkUWecJgJu9nPnx3yzpsfXX/c50REIqpHY4C82bXP90qrLtXtkDxTZosYO3UpOwlA==}

  '@types/estree@1.0.9':
    resolution: {integrity: sha512-GhdPgy1el4/ImP05X05Uw4cw2/M93BCUmnEvWZNStlCzEKME4Fkk+YpoA5OiHNQmoS7Cafb8Xa3Pya8m1Qrzeg==}

  '@types/resolve@1.20.2':
    resolution: {integrity: sha512-60BCwRFOZCQhDncwQdxxeOEEkbc5dIMccYLwbxsS4TUNeVECQ/pBJ0j09mrHOl/JJvpRPGwO9SvE4nR2Nb/a4Q==}

  '@types/trusted-types@2.0.7':
    resolution: {integrity: sha512-ScaPdn1dQczgbl0QFTeTOmVHFULt394XJgOQNoyVhZ6r2vLnMLJfBPd53SB52T/3G36VI1/g2MZaX0cwDuXsfw==}

  '@types/webidl-conversions@7.0.3':
    resolution: {integrity: sha512-CiJJvcRtIgzadHCYXw7dqEnMNRjhGZlYK05Mj9OyktqV8uVT8fD2BFOB7S1uwBE3Kj2Z+4UyPmFw/Ixgw/LAlA==}

  '@types/whatwg-url@13.0.0':
    resolution: {integrity: sha512-N8WXpbE6Wgri7KUSvrmQcqrMllKZ9uxkYWMt+mCSGwNc0Hsw9VQTW7ApqI4XNrx6/SaM2QQJCzMPDEXE058s+Q==}

  acorn@8.17.0:
    resolution: {integrity: sha512-xRQbDb9BnwDafYNn6Vwl839DYVjqXYb1XVGtWAZ1kcDc6iwAL4hg3B1dZlRiuENFeO2H53gFG3in621AdERVAg==}
    engines: {node: '>=0.4.0'}
    hasBin: true

  argon2@0.44.0:
    resolution: {integrity: sha512-zHPGN3S55sihSQo0dBbK0A5qpi2R31z7HZDZnry3ifOyj8bZZnpZND2gpmhnRGO1V/d555RwBqIK5W4Mrmv3ig==}
    engines: {node: '>=16.17.0'}

  aria-query@5.3.1:
    resolution: {integrity: sha512-Z/ZeOgVl7bcSYZ/u/rh0fOpvEpq//LZmdbkXyc7syVzjPAhfOa9ebsdTSjEBDU4vs5nC98Kfduj1uFo0qyET3g==}
    engines: {node: '>= 0.4'}

  axobject-query@4.1.0:
    resolution: {integrity: sha512-qIj0G9wZbMGNLjLmg1PT6v2mE9AH2zlnADJD/2tC6E00hgmhUOfEB6greHPAfLRSufHqROIUTkw6E+M3lH0PTQ==}
    engines: {node: '>= 0.4'}

  bson@7.3.1:
    resolution: {integrity: sha512-h/C0qe6857pQhcSJHLfsR1uYGj98Ge3wKAD3Ed9KqH3wcVh+BM4Jq4xISD7vs9OPuT07n+q3QQVjslJ286j6ag==}
    engines: {node: '>=20.19.0'}

  clsx@2.1.1:
    resolution: {integrity: sha512-eYm0QWBtUrBWZWG0d386OGAw16Z995PiOVo2B7bjWSbHedGl5e0ZWaq65kOGgUSNesEIDkB9ISbTg/JK9dhCZA==}
    engines: {node: '>=6'}

  commondir@1.0.1:
    resolution: {integrity: sha512-W9pAhw0ja1Edb5GVdIF1mjZw/ASI0AlShXM83UUGe2DVr5TdAPEA1OA8m/g8zWp9x6On7gqufY+FatDbC3MDQg==}

  console-clear@1.1.1:
    resolution: {integrity: sha512-pMD+MVR538ipqkG5JXeOEbKWS5um1H4LUUccUQG68qpeqBYbzYy79Gh55jkd2TtPdRfUaLWdv6LPP//5Zt0aPQ==}
    engines: {node: '>=4'}

  cookie@0.6.0:
    resolution: {integrity: sha512-U71cyTamuh1CRNCfpGY6to28lxvNwPG4Guz/EVjgf3Jmzv0vlDp1atT9eS5dDjMYHucpHbWns6Lwf3BKz6svdw==}
    engines: {node: '>= 0.6'}

  cross-env@10.1.0:
    resolution: {integrity: sha512-GsYosgnACZTADcmEyJctkJIoqAhHjttw7RsFrVoJNXbsWWqaq6Ym+7kZjq6mS45O0jij6vtiReppKQEtqWy6Dw==}
    engines: {node: '>=20'}
    hasBin: true

  cross-spawn@7.0.6:
    resolution: {integrity: sha512-uV2QOWP2nWzsy2aMp8aRibhi9dlzF5Hgh5SHaB9OiTGEyDTiJJyx0uy51QXdyWbtAHNua4XJzUKca3OzKUd3vA==}
    engines: {node: '>= 8'}

  deepmerge@4.3.1:
    resolution: {integrity: sha512-3sUqbMEc77XqpdNO7FRyRog+eW3ph+GYCbj+rK+uYyRMuwsVy0rMiVtPn+QJlKFvWP/1PYpapqYn0Me2knFn+A==}
    engines: {node: '>=0.10.0'}

  devalue@5.8.2:
    resolution: {integrity: sha512-DObPPAfdtFbXjxLqK8s2Xk9ZuWz5+ZoFEhC7J76es4GU/rEiXwHTmbImoCdyoCOcBH1UF3+Cz6Z2sYD4hyl5TA==}

  es-errors@1.3.0:
    resolution: {integrity: sha512-Zf5H2Kxt2xjTvbJvP2ZWLEICxA6j+hAmMzIlypy4xcBg1vKVnx89Wy0GbS+kf5cwCVFFzdCFh2XSCFNULS6csw==}
    engines: {node: '>= 0.4'}

  esbuild@0.28.1:
    resolution: {integrity: sha512-HrJrvZv5ayxBzPfwphOoNzkzOIIlifzk0KJrGK2c8R4+LKpMtpYLQeUdjnwjWv/LZlkH2laZk+4w78pi99D4Vw==}
    engines: {node: '>=18'}
    hasBin: true

  esm-env@1.2.2:
    resolution: {integrity: sha512-Epxrv+Nr/CaL4ZcFGPJIYLWFom+YeV1DqMLHJoEd9SYRxNbaFruBwfEX/kkHUJf55j2+TUbmDcmuilbP1TmXHA==}

  esrap@2.3.0:
    resolution: {integrity: sha512-GQ/7RN8uOtEfNpzZzBMTzW9JBcX42oaSVtPzdF+6cEL8pqIL094iUpr9jzYGn4O4P/1S60dJ6izyT8F4LYARng==}
    peerDependencies:
      '@typescript-eslint/types': ^8.2.0
    peerDependenciesMeta:
      '@typescript-eslint/types':
        optional: true

  estree-walker@2.0.2:
    resolution: {integrity: sha512-Rfkk/Mp/DL7JVje3u18FxFujQlTNR2q6QfMSMB7AvCBx91NGj/ba3kCfza0f6dVDbw7YlRf/nDrn7pQrCCyQ/w==}

  fdir@6.5.0:
    resolution: {integrity: sha512-tIbYtZbucOs0BRGqPJkshJUYdL+SDH7dVM8gjy+ERp3WAUjLEFJE+02kanyHtwjWOnwrKYBiwAmM0p4kLJAnXg==}
    engines: {node: '>=12.0.0'}
    peerDependencies:
      picomatch: ^3 || ^4
    peerDependenciesMeta:
      picomatch:
        optional: true

  fsevents@2.3.3:
    resolution: {integrity: sha512-5xoDfX+fL7faATnagmWPpbFtwh/R77WmMMqqHGS65C3vvB0YHrgF+B1YmZ3441tMj5n63k0212XNoJwzlhffQw==}
    engines: {node: ^8.16.0 || ^10.6.0 || >=11.0.0}
    os: [darwin]

  function-bind@1.1.2:
    resolution: {integrity: sha512-7XHNxH7qX9xG5mIwxkhumTox/MIRNcOgDrxWsMt2pAr23WHp6MrRlN7FBSFpCpr+oVO0F744iUgR82nJMfG2SA==}

  get-port@3.2.0:
    resolution: {integrity: sha512-x5UJKlgeUiNT8nyo/AcnwLnZuZNcSjSw0kogRB+Whd1fjjFq4B1hySFxSFWWSn4mIBzg3sRNUDFYc4g5gjPoLg==}
    engines: {node: '>=4'}

  hasown@2.0.3:
    resolution: {integrity: sha512-ej4AhfhfL2Q2zpMmLo7U1Uv9+PyhIZpgQLGT1F9miIGmiCJIoCgSmczFdrc97mWT4kVY72KA+WnnhJ5pghSvSg==}
    engines: {node: '>= 0.4'}

  is-core-module@2.16.1:
    resolution: {integrity: sha512-UfoeMA6fIJ8wTYFEUjelnaGI67v6+N7qXJEvQuIGa99l4xsCruSYOVSQ0uPANn4dAzm8lkYPaKLrrijLq7x23w==}
    engines: {node: '>= 0.4'}

  is-module@1.0.0:
    resolution: {integrity: sha512-51ypPSPCoTEIN9dy5Oy+h4pShgJmPCygKfyRCISBI+JoWT/2oJvK8QPxmwv7b/p239jXrm9M1mlQbyKJ5A152g==}

  is-reference@1.2.1:
    resolution: {integrity: sha512-U82MsXXiFIrjCK4otLT+o2NA2Cd2g5MLoOVXUZjIOhLurrRxpEXzI8O0KZHr3IjLvlAH1kTPYSuqer5T9ZVBKQ==}

  is-reference@3.0.3:
    resolution: {integrity: sha512-ixkJoqQvAP88E6wLydLGGqCJsrFUnqoH6HnaczB8XmDH1oaWU+xxdptvikTgaEhtZ53Ky6YXiBuUI2WXLMCwjw==}

  isexe@2.0.0:
    resolution: {integrity: sha512-RHxMLp9lnKHGHRng9QFhRCMbYAcVpn69smSGcq3f36xjgVVWThj4qqLbTLlq7Ssj8B+fIQ1EuCEGI2lKsyQeIw==}

  kareem@3.3.0:
    resolution: {integrity: sha512-kpSuLD3/7RenBnjnJdOHXCKC8dTd1JzeOiJhN0necWWci6cC+qX+VuwPnMVgb+a4+KNJSfgqahpnfWaeDXCimw==}
    engines: {node: '>=18.0.0'}

  kleur@3.0.3:
    resolution: {integrity: sha512-eTIzlVOSUR+JxdDFepEYcBMtZ9Qqdef+rnzWdRZuMbOywu5tO2w2N7rqjoANZ5k9vywhL6Br1VRjUIgTQx4E8w==}
    engines: {node: '>=6'}

  kleur@4.1.5:
    resolution: {integrity: sha512-o+NO+8WrRiQEE4/7nwRJhN1HWpVmJm511pBHUxPLtp0BUISzlBplORYSmTclCnJvQq2tKu/sgl3xVpkc7ZWuQQ==}
    engines: {node: '>=6'}

  local-access@1.1.0:
    resolution: {integrity: sha512-XfegD5pyTAfb+GY6chk283Ox5z8WexG56OvM06RWLpAc/UHozO8X6xAxEkIitZOtsSMM1Yr3DkHgW5W+onLhCw==}
    engines: {node: '>=6'}

  locate-character@3.0.0:
    resolution: {integrity: sha512-SW13ws7BjaeJ6p7Q6CO2nchbYEc3X3J6WrmTTDto7yMPqVSZTUyY5Tjbid+Ab8gLnATtygYtiDIJGQRRn2ZOiA==}

  lucia@3.2.2:
    resolution: {integrity: sha512-P1FlFBGCMPMXu+EGdVD9W4Mjm0DqsusmKgO7Xc33mI5X1bklmsQb0hfzPhXomQr9waWIBDsiOjvr1e6BTaUqpA==}
    deprecated: This package has been deprecated. Please see https://lucia-auth.com/lucia-v3/migrate.

  magic-string@0.30.21:
    resolution: {integrity: sha512-vd2F4YUyEXKGcLHoq+TEyCjxueSeHnFxyyjNp80yg0XV4vUhnDer/lvvlqM/arB5bXQN5K2/3oinyCRyx8T2CQ==}

  memory-pager@1.5.0:
    resolution: {integrity: sha512-ZS4Bp4r/Zoeq6+NLJpP+0Zzm0pR8whtGPf1XExKLJBAczGMnSi3It14OiNCStjQjM6NU1okjQGSxgEZN8eBYKg==}

  mime@2.6.0:
    resolution: {integrity: sha512-USPkMeET31rOMiarsBNIHZKLGgvKc/LrjofAnBlOttf5ajRvqiRA8QsenbcooctK6d6Ts6aqZXBA+XbkKthiQg==}
    engines: {node: '>=4.0.0'}
    hasBin: true

  mongodb-connection-string-url@7.0.2:
    resolution: {integrity: sha512-ZoS07RoFqpKYQwAk59qmrx8+jJHNHU30UjlU96QktiGn1ltvDr+vCznLX5DiUBLEpMAHatHNWV1nM/74ul66kA==}
    engines: {node: '>=20.19.0'}

  mongodb@7.5.0:
    resolution: {integrity: sha512-5FnrEDLnvp6ycUOGLNLLU33BfCx2qmp2mJjGPDwKLruYsVzXVSK5fsGpoDXvsXJwBfBsD7ebMRdawbDxC2814g==}
    engines: {node: '>=20.19.0'}
    peerDependencies:
      '@aws-sdk/credential-providers': ^3.806.0
      '@mongodb-js/zstd': ^7.0.0
      gcp-metadata: ^7.0.1
      kerberos: ^7.0.0
      mongodb-client-encryption: ^7.2.0
      snappy: ^7.3.2
      socks: ^2.8.6
    peerDependenciesMeta:
      '@aws-sdk/credential-providers':
        optional: true
      '@mongodb-js/zstd':
        optional: true
      gcp-metadata:
        optional: true
      kerberos:
        optional: true
      mongodb-client-encryption:
        optional: true
      snappy:
        optional: true
      socks:
        optional: true

  mongoose@9.8.0:
    resolution: {integrity: sha512-PDGx3XACxrBQyWf4YT+5s1Xsx19x84UWGlRVIza4i9RG6qKjGcoG7odotT6uquR6YoaDMTZ6ZZc/jMXLrNPyyA==}
    engines: {node: '>=20.19.0'}

  mpath@0.9.0:
    resolution: {integrity: sha512-ikJRQTk8hw5DEoFVxHG1Gn9T/xcjtdnOKIU1JTmGjZZlg9LST2mBLmcX3/ICIbgJydT2GOc15RnNy5mHmzfSew==}
    engines: {node: '>=4.0.0'}

  mquery@6.0.0:
    resolution: {integrity: sha512-b2KQNsmgtkscfeDgkYMcWGn9vZI9YoXh802VDEwE6qc50zxBFQ0Oo8ROkawbPAsXCY1/Z1yp0MagqsZStPWJjw==}
    engines: {node: '>=20.19.0'}

  mri@1.2.0:
    resolution: {integrity: sha512-tzzskb3bG8LvYGFF/mDTpq3jpI6Q9wc3LEmBaghu+DdCssd1FakN7Bc0hVNmEyGq1bq3RgfkCb3cmQLpNPOroA==}
    engines: {node: '>=4'}

  mrmime@2.0.1:
    resolution: {integrity: sha512-Y3wQdFg2Va6etvQ5I82yUhGdsKrcYox6p7FfL1LbK2J4V01F9TGlepTIhnK24t7koZibmg82KGglhA1XK5IsLQ==}
    engines: {node: '>=10'}

  ms@2.1.3:
    resolution: {integrity: sha512-6FlzubTLZG3J2a/NVCAleEhjzq5oxgHyaCU9yYXvcLsvoVaHJq/s5xXI6/XXP6tz7R9xAOtHnSO/tXtF3WRTlA==}

  nanoid@3.3.16:
    resolution: {integrity: sha512-bzlKTyNJ7+LdGIIwy8ijFpIqEQIvafahV7eYykJ8Cvh42EdJeODoJ6gUJXpQJvej1BddH8OqTXZNE/KfbWAu8Q==}
    engines: {node: ^10 || ^12 || ^13.7 || ^14 || >=15.0.1}
    hasBin: true

  node-addon-api@8.9.0:
    resolution: {integrity: sha512-ekZMeaaIzSQTSpr7X2X3iJM7lTzgnx8ahAG9pJfT/7+14mlEM8ZYQ9cgCDvSSRbReFK0oHli3WrZdCiRsgAT9Q==}
    engines: {node: ^18 || ^20 || >= 21}

  node-gyp-build@4.8.4:
    resolution: {integrity: sha512-LA4ZjwlnUblHVgq0oBF3Jl/6h/Nvs5fzBLwdEF4nuxnFdsfajde4WfxtJr3CaiH+F6ewcIB/q4jQ4UzPyid+CQ==}
    hasBin: true

  obug@2.1.4:
    resolution: {integrity: sha512-4a+OsYv9UktOJKE+l1A4OufDgdRF9PifWj+tJnHURo/P+WOxpG4GzUFL9qCalmWauao6ogiG+QvnCovwPoyAWA==}
    engines: {node: '>=12.20.0'}

  path-key@3.1.1:
    resolution: {integrity: sha512-ojmeN0qd+y0jszEtoY48r0Peq5dwMEkIlCOu6Q5f41lfkswXuKtYrhgoTpLnyIcHm24Uhqx+5Tqm2InSwLhE6Q==}
    engines: {node: '>=8'}

  path-parse@1.0.7:
    resolution: {integrity: sha512-LDJzPVEEEPR+y48z93A0Ed0yXb8pAByGWo/k5YYdYgpY2/2EsOsksJrq7lOHxryrVOn1ejG6oAp8ahvOIQD8sw==}

  picocolors@1.1.1:
    resolution: {integrity: sha512-xceH2snhtb5M9liqDsmEw56le376mTZkEX/jEb/RxNFyegNul7eNslCXP9FDj/Lcu0X8KEyMceP2ntpaHrDEVA==}

  picomatch@4.0.5:
    resolution: {integrity: sha512-RvwwcruNjI1ncT5xRakeyS9Lf8lcItv34KD+aif+VH9kduAyfYBipGh12274xtenIPZ119/R9BdTBa8gAwSh0A==}
    engines: {node: '>=12'}

  postcss@8.5.21:
    resolution: {integrity: sha512-v4sDNP3fdNiWMfabO7OwOQdOX8TiQSztKyT1Wj0w+j7LDallJThJRBBBmzVGyYj0crMh7jlV4zepPkiNu9UwDQ==}
    engines: {node: ^10 || ^12 || >=14}

  punycode@2.3.1:
    resolution: {integrity: sha512-vYt7UD1U9Wg6138shLtLOvdAu+8DsC/ilFtEVHcH+wydcSpNE20AfSOduf6MkRFahL5FY7X1oU7nKVZFtfq8Fg==}
    engines: {node: '>=6'}

  resolve@1.22.12:
    resolution: {integrity: sha512-TyeJ1zif53BPfHootBGwPRYT1RUt6oGWsaQr8UyZW/eAm9bKoijtvruSDEmZHm92CwS9nj7/fWttqPCgzep8CA==}
    engines: {node: '>= 0.4'}
    hasBin: true

  rollup@4.62.2:
    resolution: {integrity: sha512-RFnrW4lhXA3s3eqHDZvN654g8OTjzRfqpIRJYczCGB6HzphckVAi/Qh4tbPUbRuDi7s1Llv8g/NspLkttY3gTA==}
    engines: {node: '>=18.0.0', npm: '>=8.0.0'}
    hasBin: true

  sade@1.8.1:
    resolution: {integrity: sha512-xal3CZX1Xlo/k4ApwCFrHVACi9fBqJ7V+mwhBsuf/1IOKbBy098Fex+Wa/5QMubw09pSZ/u8EY8PWgevJsXp1A==}
    engines: {node: '>=6'}

  set-cookie-parser@3.1.2:
    resolution: {integrity: sha512-5/r/lTwbJ3zQ+qwdUFZYeRNqda7P5HD8zQKqlSjdGt1/S0cjLAphHusj4Y58ahDtWn/g32xrIS58/ikOvwl0Lw==}

  shebang-command@2.0.0:
    resolution: {integrity: sha512-kHxr2zZpYtdmrN1qDjrrX/Z1rR1kG8Dx+gkpK1G4eXmvXswmcE1hTWBWYUzlraYw1/yZp6YuDY77YtvbN0dmDA==}
    engines: {node: '>=8'}

  shebang-regex@3.0.0:
    resolution: {integrity: sha512-7++dFhtcx3353uBaq8DDR4NuxBetBzC7ZQOhmTQInHEd6bSrXdiEyzCvG07Z44UYdLShWUyXt5M/yhz8ekcb1A==}
    engines: {node: '>=8'}

  sift@17.1.3:
    resolution: {integrity: sha512-Rtlj66/b0ICeFzYTuNvX/EF1igRbbnGSvEyT79McoZa/DeGhMyC5pWKOEsZKnpkqtSeovd5FL/bjHWC3CIIvCQ==}

  sirv-cli@0.4.6:
    resolution: {integrity: sha512-/Vj85/kBvPL+n9ibgX6FicLE8VjidC1BhlX67PYPBfbBAphzR6i0k0HtU5c2arejfU3uzq8l3SYPCwl1x7z6Ww==}
    engines: {node: '>= 6'}
    hasBin: true

  sirv@0.4.6:
    resolution: {integrity: sha512-rYpOXlNbpHiY4nVXxuDf4mXPvKz1reZGap/LkWp9TvcZ84qD/nPBjjH/6GZsgIjVMbOslnY8YYULAyP8jMn1GQ==}
    engines: {node: '>= 6'}

  sirv@3.0.2:
    resolution: {integrity: sha512-2wcC/oGxHis/BoHkkPwldgiPSYcpZK3JU28WoMVv55yHJgcZ8rlXvuG9iZggz+sU1d4bRgIGASwyWqjxu3FM0g==}
    engines: {node: '>=18'}

  source-map-js@1.2.1:
    resolution: {integrity: sha512-UXWMKhLOwVKb728IUtQPXxfYU+usdybtUrK/8uGE8CQMvrhOpwvzDBwj0QhSL7MQc7vIsISBG8VQ8+IDQxpfQA==}
    engines: {node: '>=0.10.0'}

  sparse-bitfield@3.0.3:
    resolution: {integrity: sha512-kvzhi7vqKTfkh0PZU+2D2PIllw2ymqJKujUcyPMd9Y75Nv4nPbGJZXNhxsgdQab2BmlDct1YnfQCguEvHr7VsQ==}

  supports-preserve-symlinks-flag@1.0.0:
    resolution: {integrity: sha512-ot0WnXS9fgdkgIcePe6RHNk1WA8+muPa6cSjeR3V8K27q9BB1rTE3R1p7Hv0z1ZyAc8s6Vvv8DIyWf681MAt0w==}
    engines: {node: '>= 0.4'}

  svelte-swipeable@1.0.9:
    resolution: {integrity: sha512-HSsv0+4e7xfSALp2Crn4J+FLxnDaAJZI5SyEgumqBK182xLYknC89tYNrENsO5a4rzC77UXa94GhPXsUONjk/A==}

  svelte@5.56.7:
    resolution: {integrity: sha512-5qERUZX80oQj6XrDMUmD2Uhd/cIpCPDWWKBK3ZHmyRUC9apPyamWM8xMo31mbWsIQxwG2hVoSnOJ/EcnhVkkzQ==}
    engines: {node: '>=18'}

  tinydate@1.3.0:
    resolution: {integrity: sha512-7cR8rLy2QhYHpsBDBVYnnWXm8uRTr38RoZakFSW7Bs7PzfMPNZthuMLkwqZv7MTu8lhQ91cOFYS5a7iFj2oR3w==}
    engines: {node: '>=4'}

  tinyglobby@0.2.17:
    resolution: {integrity: sha512-wXR/dYpcqKmfWpEdZjiKJOwCNFndD0DMnrW/cYjVGttEkBfVgcLFHoNrlj47mjOVic9yyNu65alsgF4NQyTa2g==}
    engines: {node: '>=12.0.0'}

  totalist@3.0.1:
    resolution: {integrity: sha512-sf4i37nQ2LBx4m3wB74y+ubopq6W/dIzXg0FDGjsYnZHVa1Da8FH853wlL2gtUhg+xJXjfk3kUZS3BRoQeoQBQ==}
    engines: {node: '>=6'}

  tr46@5.1.1:
    resolution: {integrity: sha512-hdF5ZgjTqgAntKkklYw0R03MG2x/bSzTtkxmIRw/sTNV8YXsCJ1tfLAX23lhxhHJlEf3CRCOCGGWw3vI3GaSPw==}
    engines: {node: '>=18'}

  vite@7.3.6:
    resolution: {integrity: sha512-4XP60spRGjSZFf1qYH+dJIkK2znL3zQfl9KkOV9MkkRR/3Dls0dxaBsQPTloEc5BLXWPL9vsOxopxyKoMmDueg==}
    engines: {node: ^20.19.0 || >=22.12.0}
    hasBin: true
    peerDependencies:
      '@types/node': ^20.19.0 || >=22.12.0
      jiti: '>=1.21.0'
      less: ^4.0.0
      lightningcss: ^1.21.0
      sass: ^1.70.0
      sass-embedded: ^1.70.0
      stylus: '>=0.54.8'
      sugarss: ^5.0.0
      terser: ^5.16.0
      tsx: ^4.8.1
      yaml: ^2.4.2
    peerDependenciesMeta:
      '@types/node':
        optional: true
      jiti:
        optional: true
      less:
        optional: true
      lightningcss:
        optional: true
      sass:
        optional: true
      sass-embedded:
        optional: true
      stylus:
        optional: true
      sugarss:
        optional: true
      terser:
        optional: true
      tsx:
        optional: true
      yaml:
        optional: true

  vitefu@1.1.3:
    resolution: {integrity: sha512-ub4okH7Z5KLjb6hDyjqrGXqWtWvoYdU3IGm/NorpgHncKoLTCfRIbvlhBm7r0YstIaQRYlp4yEbFqDcKSzXSSg==}
    peerDependencies:
      vite: ^3.0.0 || ^4.0.0 || ^5.0.0 || ^6.0.0 || ^7.0.0 || ^8.0.0
    peerDependenciesMeta:
      vite:
        optional: true

  webidl-conversions@7.0.0:
    resolution: {integrity: sha512-VwddBukDzu71offAQR975unBIGqfKZpM+8ZX6ySk8nYhVoo5CYaZyzt3YBvYtRtO+aoGlqxPg/B87NGVZ/fu6g==}
    engines: {node: '>=12'}

  whatwg-url@14.2.0:
    resolution: {integrity: sha512-De72GdQZzNTUBBChsXueQUnPKDkg/5A5zp7pFDuQAj5UFoENpiACU0wlCvzpAGnTkj++ihpKwKyYewn/XNUbKw==}
    engines: {node: '>=18'}

  which@2.0.2:
    resolution: {integrity: sha512-BLI3Tl1TW3Pvl70l3yq3Y64i+awpwXqsGBYWkkqMtnbXgrMD+yj7rhW0kuEDxzJaYXGjEW5ogapKNMEKNMjibA==}
    engines: {node: '>= 8'}
    hasBin: true

  zimmerframe@1.1.4:
    resolution: {integrity: sha512-B58NGBEoc8Y9MWWCQGl/gq9xBCe4IiKM0a2x7GZdQKOW5Exr8S1W24J6OgM1njK8xCRGvAJIL/MxXHf6SkmQKQ==}

snapshots:

  '@epic-web/invariant@1.0.0': {}

  '@esbuild/aix-ppc64@0.28.1':
    optional: true

  '@esbuild/android-arm64@0.28.1':
    optional: true

  '@esbuild/android-arm@0.28.1':
    optional: true

  '@esbuild/android-x64@0.28.1':
    optional: true

  '@esbuild/darwin-arm64@0.28.1':
    optional: true

  '@esbuild/darwin-x64@0.28.1':
    optional: true

  '@esbuild/freebsd-arm64@0.28.1':
    optional: true

  '@esbuild/freebsd-x64@0.28.1':
    optional: true

  '@esbuild/linux-arm64@0.28.1':
    optional: true

  '@esbuild/linux-arm@0.28.1':
    optional: true

  '@esbuild/linux-ia32@0.28.1':
    optional: true

  '@esbuild/linux-loong64@0.28.1':
    optional: true

  '@esbuild/linux-mips64el@0.28.1':
    optional: true

  '@esbuild/linux-ppc64@0.28.1':
    optional: true

  '@esbuild/linux-riscv64@0.28.1':
    optional: true

  '@esbuild/linux-s390x@0.28.1':
    optional: true

  '@esbuild/linux-x64@0.28.1':
    optional: true

  '@esbuild/netbsd-arm64@0.28.1':
    optional: true

  '@esbuild/netbsd-x64@0.28.1':
    optional: true

  '@esbuild/openbsd-arm64@0.28.1':
    optional: true

  '@esbuild/openbsd-x64@0.28.1':
    optional: true

  '@esbuild/openharmony-arm64@0.28.1':
    optional: true

  '@esbuild/sunos-x64@0.28.1':
    optional: true

  '@esbuild/win32-arm64@0.28.1':
    optional: true

  '@esbuild/win32-ia32@0.28.1':
    optional: true

  '@esbuild/win32-x64@0.28.1':
    optional: true

  '@jridgewell/gen-mapping@0.3.13':
    dependencies:
      '@jridgewell/sourcemap-codec': 1.5.5
      '@jridgewell/trace-mapping': 0.3.31

  '@jridgewell/remapping@2.3.5':
    dependencies:
      '@jridgewell/gen-mapping': 0.3.13
      '@jridgewell/trace-mapping': 0.3.31

  '@jridgewell/resolve-uri@3.1.2': {}

  '@jridgewell/sourcemap-codec@1.5.5': {}

  '@jridgewell/trace-mapping@0.3.31':
    dependencies:
      '@jridgewell/resolve-uri': 3.1.2
      '@jridgewell/sourcemap-codec': 1.5.5

  '@lucia-auth/adapter-mongodb@1.0.3(lucia@3.2.2)(mongodb@7.5.0)':
    dependencies:
      lucia: 3.2.2
      mongodb: 7.5.0

  '@mongodb-js/saslprep@1.4.12':
    dependencies:
      sparse-bitfield: 3.0.3

  '@oslojs/asn1@1.0.0':
    dependencies:
      '@oslojs/binary': 1.0.0

  '@oslojs/binary@1.0.0': {}

  '@oslojs/crypto@1.0.1':
    dependencies:
      '@oslojs/asn1': 1.0.0
      '@oslojs/binary': 1.0.0

  '@oslojs/encoding@1.1.0': {}

  '@phc/format@1.0.0': {}

  '@polka/url@0.5.0': {}

  '@polka/url@1.0.0-next.29': {}

  '@rollup/plugin-commonjs@29.0.2(rollup@4.62.2)':
    dependencies:
      '@rollup/pluginutils': 5.4.0(rollup@4.62.2)
      commondir: 1.0.1
      estree-walker: 2.0.2
      fdir: 6.5.0(picomatch@4.0.5)
      is-reference: 1.2.1
      magic-string: 0.30.21
      picomatch: 4.0.5
    optionalDependencies:
      rollup: 4.62.2

  '@rollup/plugin-json@6.1.0(rollup@4.62.2)':
    dependencies:
      '@rollup/pluginutils': 5.4.0(rollup@4.62.2)
    optionalDependencies:
      rollup: 4.62.2

  '@rollup/plugin-node-resolve@16.0.3(rollup@4.62.2)':
    dependencies:
      '@rollup/pluginutils': 5.4.0(rollup@4.62.2)
      '@types/resolve': 1.20.2
      deepmerge: 4.3.1
      is-module: 1.0.0
      resolve: 1.22.12
    optionalDependencies:
      rollup: 4.62.2

  '@rollup/pluginutils@5.4.0(rollup@4.62.2)':
    dependencies:
      '@types/estree': 1.0.9
      estree-walker: 2.0.2
      picomatch: 4.0.5
    optionalDependencies:
      rollup: 4.62.2

  '@rollup/rollup-android-arm-eabi@4.62.2':
    optional: true

  '@rollup/rollup-android-arm64@4.62.2':
    optional: true

  '@rollup/rollup-darwin-arm64@4.62.2':
    optional: true

  '@rollup/rollup-darwin-x64@4.62.2':
    optional: true

  '@rollup/rollup-freebsd-arm64@4.62.2':
    optional: true

  '@rollup/rollup-freebsd-x64@4.62.2':
    optional: true

  '@rollup/rollup-linux-arm-gnueabihf@4.62.2':
    optional: true

  '@rollup/rollup-linux-arm-musleabihf@4.62.2':
    optional: true

  '@rollup/rollup-linux-arm64-gnu@4.62.2':
    optional: true

  '@rollup/rollup-linux-arm64-musl@4.62.2':
    optional: true

  '@rollup/rollup-linux-loong64-gnu@4.62.2':
    optional: true

  '@rollup/rollup-linux-loong64-musl@4.62.2':
    optional: true

  '@rollup/rollup-linux-ppc64-gnu@4.62.2':
    optional: true

  '@rollup/rollup-linux-ppc64-musl@4.62.2':
    optional: true

  '@rollup/rollup-linux-riscv64-gnu@4.62.2':
    optional: true

  '@rollup/rollup-linux-riscv64-musl@4.62.2':
    optional: true

  '@rollup/rollup-linux-s390x-gnu@4.62.2':
    optional: true

  '@rollup/rollup-linux-x64-gnu@4.62.2':
    optional: true

  '@rollup/rollup-linux-x64-musl@4.62.2':
    optional: true

  '@rollup/rollup-openbsd-x64@4.62.2':
    optional: true

  '@rollup/rollup-openharmony-arm64@4.62.2':
    optional: true

  '@rollup/rollup-win32-arm64-msvc@4.62.2':
    optional: true

  '@rollup/rollup-win32-ia32-msvc@4.62.2':
    optional: true

  '@rollup/rollup-win32-x64-gnu@4.62.2':
    optional: true

  '@rollup/rollup-win32-x64-msvc@4.62.2':
    optional: true

  '@standard-schema/spec@1.1.0': {}

  '@svelte-put/swipeable@1.2.0(svelte@5.56.7)':
    dependencies:
      svelte: 5.56.7

  '@sveltejs/acorn-typescript@1.0.11(acorn@8.17.0)':
    dependencies:
      acorn: 8.17.0

  '@sveltejs/adapter-auto@7.0.1(@sveltejs/kit@2.70.1(@sveltejs/vite-plugin-svelte@6.2.4(svelte@5.56.7)(vite@7.3.6))(svelte@5.56.7)(vite@7.3.6))':
    dependencies:
      '@sveltejs/kit': 2.70.1(@sveltejs/vite-plugin-svelte@6.2.4(svelte@5.56.7)(vite@7.3.6))(svelte@5.56.7)(vite@7.3.6)

  '@sveltejs/adapter-node@5.5.4(@sveltejs/kit@2.70.1(@sveltejs/vite-plugin-svelte@6.2.4(svelte@5.56.7)(vite@7.3.6))(svelte@5.56.7)(vite@7.3.6))':
    dependencies:
      '@rollup/plugin-commonjs': 29.0.2(rollup@4.62.2)
      '@rollup/plugin-json': 6.1.0(rollup@4.62.2)
      '@rollup/plugin-node-resolve': 16.0.3(rollup@4.62.2)
      '@sveltejs/kit': 2.70.1(@sveltejs/vite-plugin-svelte@6.2.4(svelte@5.56.7)(vite@7.3.6))(svelte@5.56.7)(vite@7.3.6)
      rollup: 4.62.2

  '@sveltejs/kit@2.70.1(@sveltejs/vite-plugin-svelte@6.2.4(svelte@5.56.7)(vite@7.3.6))(svelte@5.56.7)(vite@7.3.6)':
    dependencies:
      '@standard-schema/spec': 1.1.0
      '@sveltejs/acorn-typescript': 1.0.11(acorn@8.17.0)
      '@sveltejs/vite-plugin-svelte': 6.2.4(svelte@5.56.7)(vite@7.3.6)
      '@types/cookie': 0.6.0
      acorn: 8.17.0
      cookie: 0.6.0
      devalue: 5.8.2
      esm-env: 1.2.2
      kleur: 4.1.5
      magic-string: 0.30.21
      mrmime: 2.0.1
      set-cookie-parser: 3.1.2
      sirv: 3.0.2
      svelte: 5.56.7
      vite: 7.3.6

  '@sveltejs/vite-plugin-svelte-inspector@5.0.2(@sveltejs/vite-plugin-svelte@6.2.4(svelte@5.56.7)(vite@7.3.6))(svelte@5.56.7)(vite@7.3.6)':
    dependencies:
      '@sveltejs/vite-plugin-svelte': 6.2.4(svelte@5.56.7)(vite@7.3.6)
      obug: 2.1.4
      svelte: 5.56.7
      vite: 7.3.6

  '@sveltejs/vite-plugin-svelte@6.2.4(svelte@5.56.7)(vite@7.3.6)':
    dependencies:
      '@sveltejs/vite-plugin-svelte-inspector': 5.0.2(@sveltejs/vite-plugin-svelte@6.2.4(svelte@5.56.7)(vite@7.3.6))(svelte@5.56.7)(vite@7.3.6)
      deepmerge: 4.3.1
      magic-string: 0.30.21
      obug: 2.1.4
      svelte: 5.56.7
      vite: 7.3.6
      vitefu: 1.1.3(vite@7.3.6)

  '@types/cookie@0.6.0': {}

  '@types/estree@1.0.9': {}

  '@types/resolve@1.20.2': {}

  '@types/trusted-types@2.0.7': {}

  '@types/webidl-conversions@7.0.3': {}

  '@types/whatwg-url@13.0.0':
    dependencies:
      '@types/webidl-conversions': 7.0.3

  acorn@8.17.0: {}

  argon2@0.44.0:
    dependencies:
      '@phc/format': 1.0.0
      cross-env: 10.1.0
      node-addon-api: 8.9.0
      node-gyp-build: 4.8.4

  aria-query@5.3.1: {}

  axobject-query@4.1.0: {}

  bson@7.3.1: {}

  clsx@2.1.1: {}

  commondir@1.0.1: {}

  console-clear@1.1.1: {}

  cookie@0.6.0: {}

  cross-env@10.1.0:
    dependencies:
      '@epic-web/invariant': 1.0.0
      cross-spawn: 7.0.6

  cross-spawn@7.0.6:
    dependencies:
      path-key: 3.1.1
      shebang-command: 2.0.0
      which: 2.0.2

  deepmerge@4.3.1: {}

  devalue@5.8.2: {}

  es-errors@1.3.0: {}

  esbuild@0.28.1:
    optionalDependencies:
      '@esbuild/aix-ppc64': 0.28.1
      '@esbuild/android-arm': 0.28.1
      '@esbuild/android-arm64': 0.28.1
      '@esbuild/android-x64': 0.28.1
      '@esbuild/darwin-arm64': 0.28.1
      '@esbuild/darwin-x64': 0.28.1
      '@esbuild/freebsd-arm64': 0.28.1
      '@esbuild/freebsd-x64': 0.28.1
      '@esbuild/linux-arm': 0.28.1
      '@esbuild/linux-arm64': 0.28.1
      '@esbuild/linux-ia32': 0.28.1
      '@esbuild/linux-loong64': 0.28.1
      '@esbuild/linux-mips64el': 0.28.1
      '@esbuild/linux-ppc64': 0.28.1
      '@esbuild/linux-riscv64': 0.28.1
      '@esbuild/linux-s390x': 0.28.1
      '@esbuild/linux-x64': 0.28.1
      '@esbuild/netbsd-arm64': 0.28.1
      '@esbuild/netbsd-x64': 0.28.1
      '@esbuild/openbsd-arm64': 0.28.1
      '@esbuild/openbsd-x64': 0.28.1
      '@esbuild/openharmony-arm64': 0.28.1
      '@esbuild/sunos-x64': 0.28.1
      '@esbuild/win32-arm64': 0.28.1
      '@esbuild/win32-ia32': 0.28.1
      '@esbuild/win32-x64': 0.28.1

  esm-env@1.2.2: {}

  esrap@2.3.0:
    dependencies:
      '@jridgewell/sourcemap-codec': 1.5.5

  estree-walker@2.0.2: {}

  fdir@6.5.0(picomatch@4.0.5):
    optionalDependencies:
      picomatch: 4.0.5

  fsevents@2.3.3:
    optional: true

  function-bind@1.1.2: {}

  get-port@3.2.0: {}

  hasown@2.0.3:
    dependencies:
      function-bind: 1.1.2

  is-core-module@2.16.1:
    dependencies:
      hasown: 2.0.3

  is-module@1.0.0: {}

  is-reference@1.2.1:
    dependencies:
      '@types/estree': 1.0.9

  is-reference@3.0.3:
    dependencies:
      '@types/estree': 1.0.9

  isexe@2.0.0: {}

  kareem@3.3.0: {}

  kleur@3.0.3: {}

  kleur@4.1.5: {}

  local-access@1.1.0: {}

  locate-character@3.0.0: {}

  lucia@3.2.2:
    dependencies:
      '@oslojs/crypto': 1.0.1
      '@oslojs/encoding': 1.1.0

  magic-string@0.30.21:
    dependencies:
      '@jridgewell/sourcemap-codec': 1.5.5

  memory-pager@1.5.0: {}

  mime@2.6.0: {}

  mongodb-connection-string-url@7.0.2:
    dependencies:
      '@types/whatwg-url': 13.0.0
      whatwg-url: 14.2.0

  mongodb@7.5.0:
    dependencies:
      '@mongodb-js/saslprep': 1.4.12
      bson: 7.3.1
      mongodb-connection-string-url: 7.0.2

  mongoose@9.8.0:
    dependencies:
      '@standard-schema/spec': 1.1.0
      kareem: 3.3.0
      mongodb: 7.5.0
      mpath: 0.9.0
      mquery: 6.0.0
      ms: 2.1.3
      sift: 17.1.3
    transitivePeerDependencies:
      - '@aws-sdk/credential-providers'
      - '@mongodb-js/zstd'
      - gcp-metadata
      - kerberos
      - mongodb-client-encryption
      - snappy
      - socks

  mpath@0.9.0: {}

  mquery@6.0.0: {}

  mri@1.2.0: {}

  mrmime@2.0.1: {}

  ms@2.1.3: {}

  nanoid@3.3.16: {}

  node-addon-api@8.9.0: {}

  node-gyp-build@4.8.4: {}

  obug@2.1.4: {}

  path-key@3.1.1: {}

  path-parse@1.0.7: {}

  picocolors@1.1.1: {}

  picomatch@4.0.5: {}

  postcss@8.5.21:
    dependencies:
      nanoid: 3.3.16
      picocolors: 1.1.1
      source-map-js: 1.2.1

  punycode@2.3.1: {}

  resolve@1.22.12:
    dependencies:
      es-errors: 1.3.0
      is-core-module: 2.16.1
      path-parse: 1.0.7
      supports-preserve-symlinks-flag: 1.0.0

  rollup@4.62.2:
    dependencies:
      '@types/estree': 1.0.9
    optionalDependencies:
      '@rollup/rollup-android-arm-eabi': 4.62.2
      '@rollup/rollup-android-arm64': 4.62.2
      '@rollup/rollup-darwin-arm64': 4.62.2
      '@rollup/rollup-darwin-x64': 4.62.2
      '@rollup/rollup-freebsd-arm64': 4.62.2
      '@rollup/rollup-freebsd-x64': 4.62.2
      '@rollup/rollup-linux-arm-gnueabihf': 4.62.2
      '@rollup/rollup-linux-arm-musleabihf': 4.62.2
      '@rollup/rollup-linux-arm64-gnu': 4.62.2
      '@rollup/rollup-linux-arm64-musl': 4.62.2
      '@rollup/rollup-linux-loong64-gnu': 4.62.2
      '@rollup/rollup-linux-loong64-musl': 4.62.2
      '@rollup/rollup-linux-ppc64-gnu': 4.62.2
      '@rollup/rollup-linux-ppc64-musl': 4.62.2
      '@rollup/rollup-linux-riscv64-gnu': 4.62.2
      '@rollup/rollup-linux-riscv64-musl': 4.62.2
      '@rollup/rollup-linux-s390x-gnu': 4.62.2
      '@rollup/rollup-linux-x64-gnu': 4.62.2
      '@rollup/rollup-linux-x64-musl': 4.62.2
      '@rollup/rollup-openbsd-x64': 4.62.2
      '@rollup/rollup-openharmony-arm64': 4.62.2
      '@rollup/rollup-win32-arm64-msvc': 4.62.2
      '@rollup/rollup-win32-ia32-msvc': 4.62.2
      '@rollup/rollup-win32-x64-gnu': 4.62.2
      '@rollup/rollup-win32-x64-msvc': 4.62.2
      fsevents: 2.3.3

  sade@1.8.1:
    dependencies:
      mri: 1.2.0

  set-cookie-parser@3.1.2: {}

  shebang-command@2.0.0:
    dependencies:
      shebang-regex: 3.0.0

  shebang-regex@3.0.0: {}

  sift@17.1.3: {}

  sirv-cli@0.4.6:
    dependencies:
      console-clear: 1.1.1
      get-port: 3.2.0
      kleur: 3.0.3
      local-access: 1.1.0
      sade: 1.8.1
      sirv: 0.4.6
      tinydate: 1.3.0

  sirv@0.4.6:
    dependencies:
      '@polka/url': 0.5.0
      mime: 2.6.0

  sirv@3.0.2:
    dependencies:
      '@polka/url': 1.0.0-next.29
      mrmime: 2.0.1
      totalist: 3.0.1

  source-map-js@1.2.1: {}

  sparse-bitfield@3.0.3:
    dependencies:
      memory-pager: 1.5.0

  supports-preserve-symlinks-flag@1.0.0: {}

  svelte-swipeable@1.0.9:
    dependencies:
      sirv-cli: 0.4.6

  svelte@5.56.7:
    dependencies:
      '@jridgewell/remapping': 2.3.5
      '@jridgewell/sourcemap-codec': 1.5.5
      '@sveltejs/acorn-typescript': 1.0.11(acorn@8.17.0)
      '@types/estree': 1.0.9
      '@types/trusted-types': 2.0.7
      acorn: 8.17.0
      aria-query: 5.3.1
      axobject-query: 4.1.0
      clsx: 2.1.1
      devalue: 5.8.2
      esm-env: 1.2.2
      esrap: 2.3.0
      is-reference: 3.0.3
      locate-character: 3.0.0
      magic-string: 0.30.21
      zimmerframe: 1.1.4
    transitivePeerDependencies:
      - '@typescript-eslint/types'

  tinydate@1.3.0: {}

  tinyglobby@0.2.17:
    dependencies:
      fdir: 6.5.0(picomatch@4.0.5)
      picomatch: 4.0.5

  totalist@3.0.1: {}

  tr46@5.1.1:
    dependencies:
      punycode: 2.3.1

  vite@7.3.6:
    dependencies:
      esbuild: 0.28.1
      fdir: 6.5.0(picomatch@4.0.5)
      picomatch: 4.0.5
      postcss: 8.5.21
      rollup: 4.62.2
      tinyglobby: 0.2.17
    optionalDependencies:
      fsevents: 2.3.3

  vitefu@1.1.3(vite@7.3.6):
    optionalDependencies:
      vite: 7.3.6

  webidl-conversions@7.0.0: {}

  whatwg-url@14.2.0:
    dependencies:
      tr46: 5.1.1
      webidl-conversions: 7.0.0

  which@2.0.2:
    dependencies:
      isexe: 2.0.0

  zimmerframe@1.1.4: {}
